
Microsoft Visual Studio Solution File, Format Version 12.00
# Visual Studio Version 16
VisualStudioVersion = 16.0.30503.244
MinimumVisualStudioVersion = 10.0.40219.1
Project("{9A19103F-16F7-4668-BE54-9A1E7A4F7556}") = "desee.EntityObjects", "desee.EntityObjects\desee.EntityObjects.csproj", "{A6B8292E-2B13-4A82-85F4-E013D961A177}"
EndProject
Project("{FAE04EC0-301F-11D3-BF4B-00C04F79EFBC}") = "desee.Tests", "desee.Tests\desee.Tests.csproj", "{9B9509E4-AFDA-4E3B-A846-8C72F00CCCFC}"
EndProject
Global
	GlobalSection(SolutionConfigurationPlatforms) = preSolution
		Debug|Any CPU = Debug|Any CPU
		Release|Any CPU = Release|Any CPU
	EndGlobalSection
	GlobalSection(ProjectConfigurationPlatforms) = postSolution
		{A6B8292E-2B13-4A82-85F4-E013D961A177}.Debug|Any CPU.ActiveCfg = Debug|Any CPU
		{A6B8292E-2B13-4A82-85F4-E013D961A177}.Debug|Any CPU.Build.0 = Debug|Any CPU
		{A6B8292E-2B13-4A82-85F4-E013D961A177}.Release|Any CPU.ActiveCfg = Release|Any CPU
		{A6B8292E-2B13-4A82-85F4-E013D961A177}.Release|Any CPU.Build.0 = Release|Any CPU
		{9B9509E4-AFDA-4E3B-A846-8C72F00CCCFC}.Debug|Any CPU.ActiveCfg = Debug|Any CPU
		{9B9509E4-AFDA-4E3B-A846-8C72F00CCCFC}.Debug|Any CPU.Build.0 = Debug|Any CPU
		{9B9509E4-AFDA-4E3B-A846-8C72F00CCCFC}.Release|Any CPU.ActiveCfg = Release|Any CPU
		{9B9509E4-AFDA-4E3B-A846-8C72F00CCCFC}.Release|Any CPU.Build.0 = Release|Any CPU
	EndGlobalSection
	GlobalSection(SolutionProperties) = preSolution
		HideSolutionNode = FALSE
	EndGlobalSection
	GlobalSection(ExtensibilityGlobals) = postSolution
		SolutionGuid = {1391D6D3-87CD-489F-8930-93663DD4A6C8}
	EndGlobalSection
EndGlobal
